
Microsoft Visual Studio Solution File, Format Version 12.00
# Visual Studio Version 17
VisualStudioVersion = 17.9.34728.123
MinimumVisualStudioVersion = 10.0.40219.1
Project("{FAE04EC0-301F-11D3-BF4B-00C04F79EFBC}") = "TestAI", "TestAI\TestAI.csproj", "{AA9A8B07-21C6-4749-85B8-C02E0FCA12B0}"
EndProject
Global
	GlobalSection(SolutionConfigurationPlatforms) = preSolution
		Debug|Any CPU = Debug|Any CPU
		Release|Any CPU = Release|Any CPU
	EndGlobalSection
	GlobalSection(ProjectConfigurationPlatforms) = postSolution
		{AA9A8B07-21C6-4749-85B8-C02E0FCA12B0}.Debug|Any CPU.ActiveCfg = Debug|Any CPU
		{AA9A8B07-21C6-4749-85B8-C02E0FCA12B0}.Debug|Any CPU.Build.0 = Debug|Any CPU
		{AA9A8B07-21C6-4749-85B8-C02E0FCA12B0}.Release|Any CPU.ActiveCfg = Release|Any CPU
		{AA9A8B07-21C6-4749-85B8-C02E0FCA12B0}.Release|Any CPU.Build.0 = Release|Any CPU
	EndGlobalSection
	GlobalSection(SolutionProperties) = preSolution
		HideSolutionNode = FALSE
	EndGlobalSection
	GlobalSection(ExtensibilityGlobals) = postSolution
		SolutionGuid = {3D51277E-C9B1-47D2-A29B-4D52EF230D84}
	EndGlobalSection
EndGlobal
